<?xml version="1.0" encoding="shift_jis"?>
<Project ToolsVersion="4.0" xmlns="http://schemas.microsoft.com/developer/msbuild/2003">
  <ItemGroup>
    <Filter Include="ソース ファイル">
      <UniqueIdentifier>{5BA3BACD-135A-4C04-9AE5-E7966CE12166}</UniqueIdentifier>
      <Extensions>cpp;c;cc;cxx;def;odl;idl;hpj;bat;asm;asmx</Extensions>
    </Filter>
    <Filter Include="ヘッダー ファイル">
      <UniqueIdentifier>{380A8D8E-A7EB-42B8-AEF4-AB93B4243834}</UniqueIdentifier>
      <Extensions>h;hpp;hxx;hm;inl;inc;xsd</Extensions>
    </Filter>
  </ItemGroup>
  <ItemGroup>
    <ClCompile Include="Lesson13.cpp">
      <Filter>ソース ファイル</Filter>
    </ClCompile>
  </ItemGroup>
</Project>
